// !$*UTF8*$!
{
	archiveVersion = 1;
	classes = {
	};
	objectVersion = 50;
	objects = {

/* Begin PBXBuildFile section */
		2C847B2D227ECB5100D46B86 /* FirstViewController.m in Sources */ = {isa = PBXBuildFile; fileRef = 2C847B28227ECB5000D46B86 /* FirstViewController.m */; };
		2C847B2E227ECB5100D46B86 /* AppDelegate.m in Sources */ = {isa = PBXBuildFile; fileRef = 2C847B29227ECB5000D46B86 /* AppDelegate.m */; };
		2C847B2F227ECB5100D46B86 /* main.m in Sources */ = {isa = PBXBuildFile; fileRef = 2C847B2B227ECB5000D46B86 /* main.m */; };
		2C847B30227ECB5100D46B86 /* SecondViewController.m in Sources */ = {isa = PBXBuildFile; fileRef = 2C847B2C227ECB5100D46B86 /* SecondViewController.m */; };
		2C847B39227ECB7A00D46B86 /* LaunchScreen.storyboard in Resources */ = {isa = PBXBuildFile; fileRef = 2C847B34227ECB7A00D46B86 /* LaunchScreen.storyboard */; };
		2C847B3A227ECB7A00D46B86 /* Main.storyboard in Resources */ = {isa = PBXBuildFile; fileRef = 2C847B36227ECB7A00D46B86 /* Main.storyboard */; };
		2C847B3B227ECB7A00D46B86 /* Assets.xcassets in Resources */ = {isa = PBXBuildFile; fileRef = 2C847B38227ECB7A00D46B86 /* Assets.xcassets */; };
/* End PBXBuildFile section */

/* Begin PBXFileReference section */
		2C847B0A227ECAB100D46B86 /* Expentrace.app */ = {isa = PBXFileReference; explicitFileType = wrapper.application; includeInIndex = 0; path = Expentrace.app; sourceTree = BUILT_PRODUCTS_DIR; };
		2C847B26227ECB5000D46B86 /* FirstViewController.h */ = {isa = PBXFileReference; fileEncoding = 4; lastKnownFileType = sourcecode.c.h; path = FirstViewController.h; sourceTree = "<group>"; };
		2C847B27227ECB5000D46B86 /* SecondViewController.h */ = {isa = PBXFileReference; fileEncoding = 4; lastKnownFileType = sourcecode.c.h; path = SecondViewController.h; sourceTree = "<group>"; };
		2C847B28227ECB5000D46B86 /* FirstViewController.m */ = {isa = PBXFileReference; fileEncoding = 4; lastKnownFileType = sourcecode.c.objc; path = FirstViewController.m; sourceTree = "<group>"; };
		2C847B29227ECB5000D46B86 /* AppDelegate.m */ = {isa = PBXFileReference; fileEncoding = 4; lastKnownFileType = sourcecode.c.objc; path = AppDelegate.m; sourceTree = "<group>"; };
		2C847B2A227ECB5000D46B86 /* AppDelegate.h */ = {isa = PBXFileReference; fileEncoding = 4; lastKnownFileType = sourcecode.c.h; path = AppDelegate.h; sourceTree = "<group>"; };
		2C847B2B227ECB5000D46B86 /* main.m */ = {isa = PBXFileReference; fileEncoding = 4; lastKnownFileType = sourcecode.c.objc; path = main.m; sourceTree = "<group>"; };
		2C847B2C227ECB5100D46B86 /* SecondViewController.m */ = {isa = PBXFileReference; fileEncoding = 4; lastKnownFileType = sourcecode.c.objc; path = SecondViewController.m; sourceTree = "<group>"; };
		2C847B35227ECB7A00D46B86 /* Base */ = {isa = PBXFileReference; lastKnownFileType = file.storyboard; name = Base; path = LaunchScreen.storyboard; sourceTree = "<group>"; };
		2C847B37227ECB7A00D46B86 /* Base */ = {isa = PBXFileReference; lastKnownFileType = file.storyboard; name = Base; path = Main.storyboard; sourceTree = "<group>"; };
		2C847B38227ECB7A00D46B86 /* Assets.xcassets */ = {isa = PBXFileReference; lastKnownFileType = folder.assetcatalog; path = Assets.xcassets; sourceTree = "<group>"; };
		2C847B3C227ECB9500D46B86 /* Info.plist */ = {isa = PBXFileReference; fileEncoding = 4; lastKnownFileType = text.plist.xml; path = Info.plist; sourceTree = "<group>"; };
/* End PBXFileReference section */

/* Begin PBXFrameworksBuildPhase section */
		2C847B07227ECAB100D46B86 /* Frameworks */ = {
			isa = PBXFrameworksBuildPhase;
			buildActionMask = 2147483647;
			files = (
			);
			runOnlyForDeploymentPostprocessing = 0;
		};
/* End PBXFrameworksBuildPhase section */

/* Begin PBXGroup section */
		2C847B01227ECAB100D46B86 = {
			isa = PBXGroup;
			children = (
				2C847B3C227ECB9500D46B86 /* Info.plist */,
				2C847B38227ECB7A00D46B86 /* Assets.xcassets */,
				2C847B33227ECB7A00D46B86 /* Base.lproj */,
				2C847B31227ECB5800D46B86 /* Source */,
				2C847B0B227ECAB100D46B86 /* Products */,
			);
			sourceTree = "<group>";
		};
		2C847B0B227ECAB100D46B86 /* Products */ = {
			isa = PBXGroup;
			children = (
				2C847B0A227ECAB100D46B86 /* Expentrace.app */,
			);
			name = Products;
			sourceTree = "<group>";
		};
		2C847B31227ECB5800D46B86 /* Source */ = {
			isa = PBXGroup;
			children = (
				2C847B2A227ECB5000D46B86 /* AppDelegate.h */,
				2C847B29227ECB5000D46B86 /* AppDelegate.m */,
				2C847B26227ECB5000D46B86 /* FirstViewController.h */,
				2C847B28227ECB5000D46B86 /* FirstViewController.m */,
				2C847B2B227ECB5000D46B86 /* main.m */,
				2C847B27227ECB5000D46B86 /* SecondViewController.h */,
				2C847B2C227ECB5100D46B86 /* SecondViewController.m */,
			);
			path = Source;
			sourceTree = "<group>";
		};
		2C847B33227ECB7A00D46B86 /* Base.lproj */ = {
			isa = PBXGroup;
			children = (
				2C847B34227ECB7A00D46B86 /* LaunchScreen.storyboard */,
				2C847B36227ECB7A00D46B86 /* Main.storyboard */,
			);
			path = Base.lproj;
			sourceTree = "<group>";
		};
/* End PBXGroup section */

/* Begin PBXNativeTarget section */
		2C847B09227ECAB100D46B86 /* Expentrace */ = {
			isa = PBXNativeTarget;
			buildConfigurationList = 2C847B23227ECAB200D46B86 /* Build configuration list for PBXNativeTarget "Expentrace" */;
			buildPhases = (
				2C847B06227ECAB100D46B86 /* Sources */,
				2C847B07227ECAB100D46B86 /* Frameworks */,
				2C847B08227ECAB100D46B86 /* Resources */,
			);
			buildRules = (
			);
			dependencies = (
			);
			name = Expentrace;
			productName = Expentrace;
			productReference = 2C847B0A227ECAB100D46B86 /* Expentrace.app */;
			productType = "com.apple.product-type.application";
		};
/* End PBXNativeTarget section */

/* Begin PBXProject section */
		2C847B02227ECAB100D46B86 /* Project object */ = {
			isa = PBXProject;
			attributes = {
				LastUpgradeCheck = 1020;
				ORGANIZATIONNAME = R;
				TargetAttributes = {
					2C847B09227ECAB100D46B86 = {
						CreatedOnToolsVersion = 10.2.1;
					};
				};
			};
			buildConfigurationList = 2C847B05227ECAB100D46B86 /* Build configuration list for PBXProject "Expentrace" */;
			compatibilityVersion = "Xcode 9.3";
			developmentRegion = en;
			hasScannedForEncodings = 0;
			knownRegions = (
				en,
				Base,
			);
			mainGroup = 2C847B01227ECAB100D46B86;
			productRefGroup = 2C847B0B227ECAB100D46B86 /* Products */;
			projectDirPath = "";
			projectRoot = "";
			targets = (
				2C847B09227ECAB100D46B86 /* Expentrace */,
			);
		};
/* End PBXProject section */

/* Begin PBXResourcesBuildPhase section */
		2C847B08227ECAB100D46B86 /* Resources */ = {
			isa = PBXResourcesBuildPhase;
			buildActionMask = 2147483647;
			files = (
				2C847B39227ECB7A00D46B86 /* LaunchScreen.storyboard in Resources */,
				2C847B3B227ECB7A00D46B86 /* Assets.xcassets in Resources */,
				2C847B3A227ECB7A00D46B86 /* Main.storyboard in Resources */,
			);
			runOnlyForDeploymentPostprocessing = 0;
		};
/* End PBXResourcesBuildPhase section */

/* Begin PBXSourcesBuildPhase section */
		2C847B06227ECAB100D46B86 /* Sources */ = {
			isa = PBXSourcesBuildPhase;
			buildActionMask = 2147483647;
			files = (
				2C847B30227ECB5100D46B86 /* SecondViewController.m in Sources */,
				2C847B2E227ECB5100D46B86 /* AppDelegate.m in Sources */,
				2C847B2F227ECB5100D46B86 /* main.m in Sources */,
				2C847B2D227ECB5100D46B86 /* FirstViewController.m in Sources */,
			);
			runOnlyForDeploymentPostprocessing = 0;
		};
/* End PBXSourcesBuildPhase section */

/* Begin PBXVariantGroup section */
		2C847B34227ECB7A00D46B86 /* LaunchScreen.storyboard */ = {
			isa = PBXVariantGroup;
			children = (
				2C847B35227ECB7A00D46B86 /* Base */,
			);
			name = LaunchScreen.storyboard;
			sourceTree = "<group>";
		};
		2C847B36227ECB7A00D46B86 /* Main.storyboard */ = {
			isa = PBXVariantGroup;
			children = (
				2C847B37227ECB7A00D46B86 /* Base */,
			);
			name = Main.storyboard;
			sourceTree = "<group>";
		};
/* End PBXVariantGroup section */

/* Begin XCBuildConfiguration section */
		2C847B21227ECAB200D46B86 /* Debug */ = {
			isa = XCBuildConfiguration;
			buildSettings = {
				ALWAYS_SEARCH_USER_PATHS = NO;
				CLANG_ANALYZER_NONNULL = YES;
				CLANG_ANALYZER_NUMBER_OBJECT_CONVERSION = YES_AGGRESSIVE;
				CLANG_CXX_LANGUAGE_STANDARD = "gnu++14";
				CLANG_CXX_LIBRARY = "libc++";
				CLANG_ENABLE_MODULES = YES;
				CLANG_ENABLE_OBJC_ARC = YES;
				CLANG_ENABLE_OBJC_WEAK = YES;
				CLANG_WARN_BLOCK_CAPTURE_AUTORELEASING = YES;
				CLANG_WARN_BOOL_CONVERSION = YES;
				CLANG_WARN_COMMA = YES;
				CLANG_WARN_CONSTANT_CONVERSION = YES;
				CLANG_WARN_DEPRECATED_OBJC_IMPLEMENTATIONS = YES;
				CLANG_WARN_DIRECT_OBJC_ISA_USAGE = YES_ERROR;
				CLANG_WARN_DOCUMENTATION_COMMENTS = YES;
				CLANG_WARN_EMPTY_BODY = YES;
				CLANG_WARN_ENUM_CONVERSION = YES;
				CLANG_WARN_INFINITE_RECURSION = YES;
				CLANG_WARN_INT_CONVERSION = YES;
				CLANG_WARN_NON_LITERAL_NULL_CONVERSION = YES;
				CLANG_WARN_OBJC_IMPLICIT_RETAIN_SELF = YES;
				CLANG_WARN_OBJC_LITERAL_CONVERSION = YES;
				CLANG_WARN_OBJC_ROOT_CLASS = YES_ERROR;
				CLANG_WARN_RANGE_LOOP_ANALYSIS = YES;
				CLANG_WARN_STRICT_PROTOTYPES = YES;
				CLANG_WARN_SUSPICIOUS_MOVE = YES;
				CLANG_WARN_UNGUARDED_AVAILABILITY = YES_AGGRESSIVE;
				CLANG_WARN_UNREACHABLE_CODE = YES;
				CLANG_WARN__DUPLICATE_METHOD_MATCH = YES;
				CODE_SIGN_IDENTITY = "iPhone Developer";
				COPY_PHASE_STRIP = NO;
				DEBUG_INFORMATION_FORMAT = dwarf;
				ENABLE_STRICT_OBJC_MSGSEND = YES;
				ENABLE_TESTABILITY = YES;
				GCC_C_LANGUAGE_STANDARD = gnu11;
				GCC_DYNAMIC_NO_PIC = NO;
				GCC_NO_COMMON_BLOCKS = YES;
				GCC_OPTIMIZATION_LEVEL = 0;
				GCC_PREPROCESSOR_DEFINITIONS = (
					"DEBUG=1",
					"$(inherited)",
				);
				GCC_WARN_64_TO_32_BIT_CONVERSION = YES;
				GCC_WARN_ABOUT_RETURN_TYPE = YES_ERROR;
				GCC_WARN_UNDECLARED_SELECTOR = YES;
				GCC_WARN_UNINITIALIZED_AUTOS = YES_AGGRESSIVE;
				GCC_WARN_UNUSED_FUNCTION = YES;
				GCC_WARN_UNUSED_VARIABLE = YES;
				IPHONEOS_DEPLOYMENT_TARGET = 12.2;
				MTL_ENABLE_DEBUG_INFO = INCLUDE_SOURCE;
				MTL_FAST_MATH = YES;
				ONLY_ACTIVE_ARCH = YES;
				SDKROOT = iphoneos;
			};
			name = Debug;
		};
		2C847B22227ECAB200D46B86 /* Release */ = {
			isa = XCBuildConfiguration;
			buildSettings = {
				ALWAYS_SEARCH_USER_PATHS = NO;
				CLANG_ANALYZER_NONNULL = YES;
				CLANG_ANALYZER_NUMBER_OBJECT_CONVERSION = YES_AGGRESSIVE;
				CLANG_CXX_LANGUAGE_STANDARD = "gnu++14";
				CLANG_CXX_LIBRARY = "libc++";
				CLANG_ENABLE_MODULES = YES;
				CLANG_ENABLE_OBJC_ARC = YES;
				CLANG_ENABLE_OBJC_WEAK = YES;
				CLANG_WARN_BLOCK_CAPTURE_AUTORELEASING = YES;
				CLANG_WARN_BOOL_CONVERSION = YES;
				CLANG_WARN_COMMA = YES;
				CLANG_WARN_CONSTANT_CONVERSION = YES;
				CLANG_WARN_DEPRECATED_OBJC_IMPLEMENTATIONS = YES;
				CLANG_WARN_DIRECT_OBJC_ISA_USAGE = YES_ERROR;
				CLANG_WARN_DOCUMENTATION_COMMENTS = YES;
				CLANG_WARN_EMPTY_BODY = YES;
				CLANG_WARN_ENUM_CONVERSION = YES;
				CLANG_WARN_INFINITE_RECURSION = YES;
				CLANG_WARN_INT_CONVERSION = YES;
				CLANG_WARN_NON_LITERAL_NULL_CONVERSION = YES;
				CLANG_WARN_OBJC_IMPLICIT_RETAIN_SELF = YES;
				CLANG_WARN_OBJC_LITERAL_CONVERSION = YES;
				CLANG_WARN_OBJC_ROOT_CLASS = YES_ERROR;
				CLANG_WARN_RANGE_LOOP_ANALYSIS = YES;
				CLANG_WARN_STRICT_PROTOTYPES = YES;
				CLANG_WARN_SUSPICIOUS_MOVE = YES;
				CLANG_WARN_UNGUARDED_AVAILABILITY = YES_AGGRESSIVE;
				CLANG_WARN_UNREACHABLE_CODE = YES;
				CLANG_WARN__DUPLICATE_METHOD_MATCH = YES;
				CODE_SIGN_IDENTITY = "iPhone Developer";
				COPY_PHASE_STRIP = NO;
				DEBUG_INFORMATION_FORMAT = "dwarf-with-dsym";
				ENABLE_NS_ASSERTIONS = NO;
				ENABLE_STRICT_OBJC_MSGSEND = YES;
				GCC_C_LANGUAGE_STANDARD = gnu11;
				GCC_NO_COMMON_BLOCKS = YES;
				GCC_WARN_64_TO_32_BIT_CONVERSION = YES;
				GCC_WARN_ABOUT_RETURN_TYPE = YES_ERROR;
				GCC_WARN_UNDECLARED_SELECTOR = YES;
				GCC_WARN_UNINITIALIZED_AUTOS = YES_AGGRESSIVE;
				GCC_WARN_UNUSED_FUNCTION = YES;
				GCC_WARN_UNUSED_VARIABLE = YES;
				IPHONEOS_DEPLOYMENT_TARGET = 12.2;
				MTL_ENABLE_DEBUG_INFO = NO;
				MTL_FAST_MATH = YES;
				SDKROOT = iphoneos;
				VALIDATE_PRODUCT = YES;
			};
			name = Release;
		};
		2C847B24227ECAB200D46B86 /* Debug */ = {
			isa = XCBuildConfiguration;
			buildSettings = {
				ASSETCATALOG_COMPILER_APPICON_NAME = AppIcon;
				CODE_SIGN_STYLE = Automatic;
				INFOPLIST_FILE = Info.plist;
				LD_RUNPATH_SEARCH_PATHS = (
					"$(inherited)",
					"@executable_path/Frameworks",
				);
				PRODUCT_BUNDLE_IDENTIFIER = com.r.Expentrace;
				PRODUCT_NAME = "$(TARGET_NAME)";
				TARGETED_DEVICE_FAMILY = "1,2";
			};
			name = Debug;
		};
		2C847B25227ECAB200D46B86 /* Release */ = {
			isa = XCBuildConfiguration;
			buildSettings = {
				ASSETCATALOG_COMPILER_APPICON_NAME = AppIcon;
				CODE_SIGN_STYLE = Automatic;
				INFOPLIST_FILE = Info.plist;
				LD_RUNPATH_SEARCH_PATHS = (
					"$(inherited)",
					"@executable_path/Frameworks",
				);
				PRODUCT_BUNDLE_IDENTIFIER = com.r.Expentrace;
				PRODUCT_NAME = "$(TARGET_NAME)";
				TARGETED_DEVICE_FAMILY = "1,2";
			};
			name = Release;
		};
/* End XCBuildConfiguration section */

/* Begin XCConfigurationList section */
		2C847B05227ECAB100D46B86 /* Build configuration list for PBXProject "Expentrace" */ = {
			isa = XCConfigurationList;
			buildConfigurations = (
				2C847B21227ECAB200D46B86 /* Debug */,
				2C847B22227ECAB200D46B86 /* Release */,
			);
			defaultConfigurationIsVisible = 0;
			defaultConfigurationName = Release;
		};
		2C847B23227ECAB200D46B86 /* Build configuration list for PBXNativeTarget "Expentrace" */ = {
			isa = XCConfigurationList;
			buildConfigurations = (
				2C847B24227ECAB200D46B86 /* Debug */,
				2C847B25227ECAB200D46B86 /* Release */,
			);
			defaultConfigurationIsVisible = 0;
			defaultConfigurationName = Release;
		};
/* End XCConfigurationList section */
	};
	rootObject = 2C847B02227ECAB100D46B86 /* Project object */;
}
